
Microsoft Visual Studio Solution File, Format Version 12.00
Project("{FAE04EC0-301F-11D3-BF4B-00C04F79EFBC}") = "TestDrivenDev", "TestDrivenDev\TestDrivenDev.csproj", "{962BAD4A-1381-4E5D-B4CF-A268C6F0385A}"
EndProject
Project("{FAE04EC0-301F-11D3-BF4B-00C04F79EFBC}") = "TestDrivenDevTest", "TestDrivenDevTest\TestDrivenDevTest.csproj", "{99CF3107-D66F-4D09-B6E9-1EF466203FDE}"
EndProject
Global
	GlobalSection(SolutionConfigurationPlatforms) = preSolution
		Debug|Any CPU = Debug|Any CPU
		Release|Any CPU = Release|Any CPU
	EndGlobalSection
	GlobalSection(ProjectConfigurationPlatforms) = postSolution
		{962BAD4A-1381-4E5D-B4CF-A268C6F0385A}.Debug|Any CPU.ActiveCfg = Debug|Any CPU
		{962BAD4A-1381-4E5D-B4CF-A268C6F0385A}.Debug|Any CPU.Build.0 = Debug|Any CPU
		{962BAD4A-1381-4E5D-B4CF-A268C6F0385A}.Release|Any CPU.ActiveCfg = Release|Any CPU
		{962BAD4A-1381-4E5D-B4CF-A268C6F0385A}.Release|Any CPU.Build.0 = Release|Any CPU
		{99CF3107-D66F-4D09-B6E9-1EF466203FDE}.Debug|Any CPU.ActiveCfg = Debug|Any CPU
		{99CF3107-D66F-4D09-B6E9-1EF466203FDE}.Debug|Any CPU.Build.0 = Debug|Any CPU
		{99CF3107-D66F-4D09-B6E9-1EF466203FDE}.Release|Any CPU.ActiveCfg = Release|Any CPU
		{99CF3107-D66F-4D09-B6E9-1EF466203FDE}.Release|Any CPU.Build.0 = Release|Any CPU
	EndGlobalSection
EndGlobal
